
Microsoft Visual Studio Solution File, Format Version 12.00
# Visual Studio Version 17
VisualStudioVersion = 17.5.33414.496
MinimumVisualStudioVersion = 10.0.40219.1
Project("{9A19103F-16F7-4668-BE54-9A1E7A4F7556}") = "DCMProcess.ImageUploaderApp", "ImageUploader_ConsoleApp\DCMProcess.ImageUploaderApp.csproj", "{1EAE21F3-17A8-456C-9178-CEDD29890AD0}"
EndProject
Project("{9A19103F-16F7-4668-BE54-9A1E7A4F7556}") = "DCMProcess.PackageFunctionApp", "IUPackageFunctionApp\DCMProcess.PackageFunctionApp.csproj", "{21A557FC-3CEE-486E-95E7-34C36ED0FA29}"
EndProject
Project("{9A19103F-16F7-4668-BE54-9A1E7A4F7556}") = "DCMProcess.AppService", "IUAppService\DCMProcess.AppService.csproj", "{77FFB937-119C-4101-A68B-EBBE9EF925C1}"
EndProject
Project("{9A19103F-16F7-4668-BE54-9A1E7A4F7556}") = "DCMProcess.DataAccessLayer", "DataAccessLayer\DCMProcess.DataAccessLayer.csproj", "{F23ADB94-32A3-4B76-8798-616A857ED98A}"
EndProject
Project("{9A19103F-16F7-4668-BE54-9A1E7A4F7556}") = "DCMProcess.UnitTestApp", "IUUnitTest.AppServiceDAL\DCMProcess.UnitTestApp.csproj", "{BAFB13AF-30F1-4339-9B31-221E321E6265}"
EndProject
Global
	GlobalSection(SolutionConfigurationPlatforms) = preSolution
		Debug|Any CPU = Debug|Any CPU
		Release|Any CPU = Release|Any CPU
	EndGlobalSection
	GlobalSection(ProjectConfigurationPlatforms) = postSolution
		{1EAE21F3-17A8-456C-9178-CEDD29890AD0}.Debug|Any CPU.ActiveCfg = Debug|Any CPU
		{1EAE21F3-17A8-456C-9178-CEDD29890AD0}.Debug|Any CPU.Build.0 = Debug|Any CPU
		{1EAE21F3-17A8-456C-9178-CEDD29890AD0}.Release|Any CPU.ActiveCfg = Release|Any CPU
		{1EAE21F3-17A8-456C-9178-CEDD29890AD0}.Release|Any CPU.Build.0 = Release|Any CPU
		{21A557FC-3CEE-486E-95E7-34C36ED0FA29}.Debug|Any CPU.ActiveCfg = Debug|Any CPU
		{21A557FC-3CEE-486E-95E7-34C36ED0FA29}.Debug|Any CPU.Build.0 = Debug|Any CPU
		{21A557FC-3CEE-486E-95E7-34C36ED0FA29}.Release|Any CPU.ActiveCfg = Release|Any CPU
		{21A557FC-3CEE-486E-95E7-34C36ED0FA29}.Release|Any CPU.Build.0 = Release|Any CPU
		{77FFB937-119C-4101-A68B-EBBE9EF925C1}.Debug|Any CPU.ActiveCfg = Debug|Any CPU
		{77FFB937-119C-4101-A68B-EBBE9EF925C1}.Debug|Any CPU.Build.0 = Debug|Any CPU
		{77FFB937-119C-4101-A68B-EBBE9EF925C1}.Release|Any CPU.ActiveCfg = Release|Any CPU
		{77FFB937-119C-4101-A68B-EBBE9EF925C1}.Release|Any CPU.Build.0 = Release|Any CPU
		{F23ADB94-32A3-4B76-8798-616A857ED98A}.Debug|Any CPU.ActiveCfg = Debug|Any CPU
		{F23ADB94-32A3-4B76-8798-616A857ED98A}.Debug|Any CPU.Build.0 = Debug|Any CPU
		{F23ADB94-32A3-4B76-8798-616A857ED98A}.Release|Any CPU.ActiveCfg = Release|Any CPU
		{F23ADB94-32A3-4B76-8798-616A857ED98A}.Release|Any CPU.Build.0 = Release|Any CPU
		{BAFB13AF-30F1-4339-9B31-221E321E6265}.Debug|Any CPU.ActiveCfg = Debug|Any CPU
		{BAFB13AF-30F1-4339-9B31-221E321E6265}.Debug|Any CPU.Build.0 = Debug|Any CPU
		{BAFB13AF-30F1-4339-9B31-221E321E6265}.Release|Any CPU.ActiveCfg = Release|Any CPU
		{BAFB13AF-30F1-4339-9B31-221E321E6265}.Release|Any CPU.Build.0 = Release|Any CPU
	EndGlobalSection
	GlobalSection(SolutionProperties) = preSolution
		HideSolutionNode = FALSE
	EndGlobalSection
	GlobalSection(ExtensibilityGlobals) = postSolution
		SolutionGuid = {3EF5117A-15A2-4AAE-9BF8-7891B8C0FC39}
	EndGlobalSection
EndGlobal
